
Microsoft Visual Studio Solution File, Format Version 12.00
# Visual Studio 15
VisualStudioVersion = 15.0.26730.15
MinimumVisualStudioVersion = 10.0.40219.1
Project("{FAE04EC0-301F-11D3-BF4B-00C04F79EFBC}") = "NaturalLanguageUnderstanding.Logic", "NaturalLanguageUnderstanding.Logic\NaturalLanguageUnderstanding.Logic.csproj", "{0FD9E41A-5E19-41A2-A0DF-82550C246D2D}"
EndProject
Project("{FAE04EC0-301F-11D3-BF4B-00C04F79EFBC}") = "NaturalLanguageUnderstanding.Data", "NaturalLanguageUnderstanding.Data\NaturalLanguageUnderstanding.Data.csproj", "{4402684D-1C73-43DF-A5BF-57D6BBA9A58F}"
EndProject
Project("{FAE04EC0-301F-11D3-BF4B-00C04F79EFBC}") = "NaturalLanguageUnderstanding.DataBase", "NaturalLanguageUnderstanding.DataBase\NaturalLanguageUnderstanding.DataBase.csproj", "{784352AB-5511-4015-9D18-7363443B429C}"
EndProject
Project("{FAE04EC0-301F-11D3-BF4B-00C04F79EFBC}") = "NaturalLanguageUnderstanding.ConsoleApplication", "NaturalLanguageUnderstanding.ConsoleApplication\NaturalLanguageUnderstanding.ConsoleApplication.csproj", "{F710781D-82FE-413C-B303-FF7FE6471FB9}"
EndProject
Project("{FAE04EC0-301F-11D3-BF4B-00C04F79EFBC}") = "NaturalLanguageUnderstanding.Configuration", "NaturalLanguageUnderstanding.Configuration\NaturalLanguageUnderstanding.Configuration.csproj", "{3D92F443-0FEF-4E27-8685-E1C03E794B97}"
EndProject
Global
	GlobalSection(SolutionConfigurationPlatforms) = preSolution
		Debug|Any CPU = Debug|Any CPU
		Release|Any CPU = Release|Any CPU
	EndGlobalSection
	GlobalSection(ProjectConfigurationPlatforms) = postSolution
		{0FD9E41A-5E19-41A2-A0DF-82550C246D2D}.Debug|Any CPU.ActiveCfg = Debug|Any CPU
		{0FD9E41A-5E19-41A2-A0DF-82550C246D2D}.Debug|Any CPU.Build.0 = Debug|Any CPU
		{0FD9E41A-5E19-41A2-A0DF-82550C246D2D}.Release|Any CPU.ActiveCfg = Release|Any CPU
		{0FD9E41A-5E19-41A2-A0DF-82550C246D2D}.Release|Any CPU.Build.0 = Release|Any CPU
		{4402684D-1C73-43DF-A5BF-57D6BBA9A58F}.Debug|Any CPU.ActiveCfg = Debug|Any CPU
		{4402684D-1C73-43DF-A5BF-57D6BBA9A58F}.Debug|Any CPU.Build.0 = Debug|Any CPU
		{4402684D-1C73-43DF-A5BF-57D6BBA9A58F}.Release|Any CPU.ActiveCfg = Release|Any CPU
		{4402684D-1C73-43DF-A5BF-57D6BBA9A58F}.Release|Any CPU.Build.0 = Release|Any CPU
		{784352AB-5511-4015-9D18-7363443B429C}.Debug|Any CPU.ActiveCfg = Debug|Any CPU
		{784352AB-5511-4015-9D18-7363443B429C}.Debug|Any CPU.Build.0 = Debug|Any CPU
		{784352AB-5511-4015-9D18-7363443B429C}.Release|Any CPU.ActiveCfg = Release|Any CPU
		{784352AB-5511-4015-9D18-7363443B429C}.Release|Any CPU.Build.0 = Release|Any CPU
		{F710781D-82FE-413C-B303-FF7FE6471FB9}.Debug|Any CPU.ActiveCfg = Debug|Any CPU
		{F710781D-82FE-413C-B303-FF7FE6471FB9}.Debug|Any CPU.Build.0 = Debug|Any CPU
		{F710781D-82FE-413C-B303-FF7FE6471FB9}.Release|Any CPU.ActiveCfg = Release|Any CPU
		{F710781D-82FE-413C-B303-FF7FE6471FB9}.Release|Any CPU.Build.0 = Release|Any CPU
		{3D92F443-0FEF-4E27-8685-E1C03E794B97}.Debug|Any CPU.ActiveCfg = Debug|Any CPU
		{3D92F443-0FEF-4E27-8685-E1C03E794B97}.Debug|Any CPU.Build.0 = Debug|Any CPU
		{3D92F443-0FEF-4E27-8685-E1C03E794B97}.Release|Any CPU.ActiveCfg = Release|Any CPU
		{3D92F443-0FEF-4E27-8685-E1C03E794B97}.Release|Any CPU.Build.0 = Release|Any CPU
	EndGlobalSection
	GlobalSection(SolutionProperties) = preSolution
		HideSolutionNode = FALSE
	EndGlobalSection
	GlobalSection(ExtensibilityGlobals) = postSolution
		SolutionGuid = {60D5CFF3-C522-486A-892F-CBA16F2309CC}
	EndGlobalSection
EndGlobal
